// !$*UTF8*$!
{
	archiveVersion = 1;
	classes = {
	};
	objectVersion = 51;
	objects = {

/* Begin PBXBuildFile section */
		44A69FC5267A3EE900993399 /* AppDelegate.swift in Sources */ = {isa = PBXBuildFile; fileRef = 44A69FC4267A3EE900993399 /* AppDelegate.swift */; };
		44A69FC7267A3EE900993399 /* SceneDelegate.swift in Sources */ = {isa = PBXBuildFile; fileRef = 44A69FC6267A3EE900993399 /* SceneDelegate.swift */; };
		44A69FC9267A3EE900993399 /* WeatherViewController.swift in Sources */ = {isa = PBXBuildFile; fileRef = 44A69FC8267A3EE900993399 /* WeatherViewController.swift */; };
		44A69FCC267A3EE900993399 /* Main.storyboard in Resources */ = {isa = PBXBuildFile; fileRef = 44A69FCA267A3EE900993399 /* Main.storyboard */; };
		44A69FCE267A3EEA00993399 /* Assets.xcassets in Resources */ = {isa = PBXBuildFile; fileRef = 44A69FCD267A3EEA00993399 /* Assets.xcassets */; };
		44A69FD1267A3EEA00993399 /* LaunchScreen.storyboard in Resources */ = {isa = PBXBuildFile; fileRef = 44A69FCF267A3EEA00993399 /* LaunchScreen.storyboard */; };
		44A69FDC267A3EEB00993399 /* MyWeatherAppTests.swift in Sources */ = {isa = PBXBuildFile; fileRef = 44A69FDB267A3EEB00993399 /* MyWeatherAppTests.swift */; };
		44A69FE7267A3EEB00993399 /* MyWeatherAppUITests.swift in Sources */ = {isa = PBXBuildFile; fileRef = 44A69FE6267A3EEB00993399 /* MyWeatherAppUITests.swift */; };
		44AC035A268C9B4B0024A37A /* NetworkManager.swift in Sources */ = {isa = PBXBuildFile; fileRef = 44AC0359268C9B4B0024A37A /* NetworkManager.swift */; };
		44BB2D522693203A00B35582 /* WeatherModel.swift in Sources */ = {isa = PBXBuildFile; fileRef = 44BB2D512693203A00B35582 /* WeatherModel.swift */; };
		44C24FAA268BB53A00626EB5 /* WeatherData.swift in Sources */ = {isa = PBXBuildFile; fileRef = 44C24FA9268BB53A00626EB5 /* WeatherData.swift */; };
		C54E4C22BD53C67270D76F71 /* Pods_MyWeatherApp_MyWeatherAppUITests.framework in Frameworks */ = {isa = PBXBuildFile; fileRef = 5C30B9F045BF5937FB931E53 /* Pods_MyWeatherApp_MyWeatherAppUITests.framework */; };
		DCB870C3AA4607ACFC7D80F0 /* Pods_MyWeatherApp.framework in Frameworks */ = {isa = PBXBuildFile; fileRef = 50D33FC6E14D844302A8F06B /* Pods_MyWeatherApp.framework */; };
		DF543B9644994B4BA629F6F1 /* Pods_MyWeatherAppTests.framework in Frameworks */ = {isa = PBXBuildFile; fileRef = 4E9369FECF3A59532B211F1C /* Pods_MyWeatherAppTests.framework */; };
/* End PBXBuildFile section */

/* Begin PBXContainerItemProxy section */
		44A69FD8267A3EEB00993399 /* PBXContainerItemProxy */ = {
			isa = PBXContainerItemProxy;
			containerPortal = 44A69FB9267A3EE900993399 /* Project object */;
			proxyType = 1;
			remoteGlobalIDString = 44A69FC0267A3EE900993399;
			remoteInfo = MyWeatherApp;
		};
		44A69FE3267A3EEB00993399 /* PBXContainerItemProxy */ = {
			isa = PBXContainerItemProxy;
			containerPortal = 44A69FB9267A3EE900993399 /* Project object */;
			proxyType = 1;
			remoteGlobalIDString = 44A69FC0267A3EE900993399;
			remoteInfo = MyWeatherApp;
		};
/* End PBXContainerItemProxy section */

/* Begin PBXFileReference section */
		037B279A9B0DD8741F264C26 /* Pods-MyWeatherApp.debug.xcconfig */ = {isa = PBXFileReference; includeInIndex = 1; lastKnownFileType = text.xcconfig; name = "Pods-MyWeatherApp.debug.xcconfig"; path = "Target Support Files/Pods-MyWeatherApp/Pods-MyWeatherApp.debug.xcconfig"; sourceTree = "<group>"; };
		227DD03BF9064F0D2020A519 /* Pods-MyWeatherAppTests.release.xcconfig */ = {isa = PBXFileReference; includeInIndex = 1; lastKnownFileType = text.xcconfig; name = "Pods-MyWeatherAppTests.release.xcconfig"; path = "Target Support Files/Pods-MyWeatherAppTests/Pods-MyWeatherAppTests.release.xcconfig"; sourceTree = "<group>"; };
		3012D60EA4A9AEC31481D1A9 /* Pods-MyWeatherAppTests.debug.xcconfig */ = {isa = PBXFileReference; includeInIndex = 1; lastKnownFileType = text.xcconfig; name = "Pods-MyWeatherAppTests.debug.xcconfig"; path = "Target Support Files/Pods-MyWeatherAppTests/Pods-MyWeatherAppTests.debug.xcconfig"; sourceTree = "<group>"; };
		40D0AC9F5F53022F0BA3A228 /* Pods-MyWeatherApp-MyWeatherAppUITests.debug.xcconfig */ = {isa = PBXFileReference; includeInIndex = 1; lastKnownFileType = text.xcconfig; name = "Pods-MyWeatherApp-MyWeatherAppUITests.debug.xcconfig"; path = "Target Support Files/Pods-MyWeatherApp-MyWeatherAppUITests/Pods-MyWeatherApp-MyWeatherAppUITests.debug.xcconfig"; sourceTree = "<group>"; };
		44A69FC1267A3EE900993399 /* MyWeatherApp.app */ = {isa = PBXFileReference; explicitFileType = wrapper.application; includeInIndex = 0; path = MyWeatherApp.app; sourceTree = BUILT_PRODUCTS_DIR; };
		44A69FC4267A3EE900993399 /* AppDelegate.swift */ = {isa = PBXFileReference; lastKnownFileType = sourcecode.swift; path = AppDelegate.swift; sourceTree = "<group>"; };
		44A69FC6267A3EE900993399 /* SceneDelegate.swift */ = {isa = PBXFileReference; lastKnownFileType = sourcecode.swift; path = SceneDelegate.swift; sourceTree = "<group>"; };
		44A69FC8267A3EE900993399 /* WeatherViewController.swift */ = {isa = PBXFileReference; lastKnownFileType = sourcecode.swift; path = WeatherViewController.swift; sourceTree = "<group>"; };
		44A69FCB267A3EE900993399 /* Base */ = {isa = PBXFileReference; lastKnownFileType = file.storyboard; name = Base; path = Base.lproj/Main.storyboard; sourceTree = "<group>"; };
		44A69FCD267A3EEA00993399 /* Assets.xcassets */ = {isa = PBXFileReference; lastKnownFileType = folder.assetcatalog; path = Assets.xcassets; sourceTree = "<group>"; };
		44A69FD0267A3EEA00993399 /* Base */ = {isa = PBXFileReference; lastKnownFileType = file.storyboard; name = Base; path = Base.lproj/LaunchScreen.storyboard; sourceTree = "<group>"; };
		44A69FD2267A3EEA00993399 /* Info.plist */ = {isa = PBXFileReference; lastKnownFileType = text.plist.xml; path = Info.plist; sourceTree = "<group>"; };
		44A69FD7267A3EEB00993399 /* MyWeatherAppTests.xctest */ = {isa = PBXFileReference; explicitFileType = wrapper.cfbundle; includeInIndex = 0; path = MyWeatherAppTests.xctest; sourceTree = BUILT_PRODUCTS_DIR; };
		44A69FDB267A3EEB00993399 /* MyWeatherAppTests.swift */ = {isa = PBXFileReference; lastKnownFileType = sourcecode.swift; path = MyWeatherAppTests.swift; sourceTree = "<group>"; };
		44A69FDD267A3EEB00993399 /* Info.plist */ = {isa = PBXFileReference; lastKnownFileType = text.plist.xml; path = Info.plist; sourceTree = "<group>"; };
		44A69FE2267A3EEB00993399 /* MyWeatherAppUITests.xctest */ = {isa = PBXFileReference; explicitFileType = wrapper.cfbundle; includeInIndex = 0; path = MyWeatherAppUITests.xctest; sourceTree = BUILT_PRODUCTS_DIR; };
		44A69FE6267A3EEB00993399 /* MyWeatherAppUITests.swift */ = {isa = PBXFileReference; lastKnownFileType = sourcecode.swift; path = MyWeatherAppUITests.swift; sourceTree = "<group>"; };
		44A69FE8267A3EEB00993399 /* Info.plist */ = {isa = PBXFileReference; lastKnownFileType = text.plist.xml; path = Info.plist; sourceTree = "<group>"; };
		44AC0359268C9B4B0024A37A /* NetworkManager.swift */ = {isa = PBXFileReference; lastKnownFileType = sourcecode.swift; path = NetworkManager.swift; sourceTree = "<group>"; };
		44BB2D512693203A00B35582 /* WeatherModel.swift */ = {isa = PBXFileReference; lastKnownFileType = sourcecode.swift; path = WeatherModel.swift; sourceTree = "<group>"; };
		44C24FA9268BB53A00626EB5 /* WeatherData.swift */ = {isa = PBXFileReference; lastKnownFileType = sourcecode.swift; path = WeatherData.swift; sourceTree = "<group>"; };
		4E9369FECF3A59532B211F1C /* Pods_MyWeatherAppTests.framework */ = {isa = PBXFileReference; explicitFileType = wrapper.framework; includeInIndex = 0; path = Pods_MyWeatherAppTests.framework; sourceTree = BUILT_PRODUCTS_DIR; };
		50D33FC6E14D844302A8F06B /* Pods_MyWeatherApp.framework */ = {isa = PBXFileReference; explicitFileType = wrapper.framework; includeInIndex = 0; path = Pods_MyWeatherApp.framework; sourceTree = BUILT_PRODUCTS_DIR; };
		5C30B9F045BF5937FB931E53 /* Pods_MyWeatherApp_MyWeatherAppUITests.framework */ = {isa = PBXFileReference; explicitFileType = wrapper.framework; includeInIndex = 0; path = Pods_MyWeatherApp_MyWeatherAppUITests.framework; sourceTree = BUILT_PRODUCTS_DIR; };
		96BEC8BB3551C159C62E2B07 /* Pods-MyWeatherApp.release.xcconfig */ = {isa = PBXFileReference; includeInIndex = 1; lastKnownFileType = text.xcconfig; name = "Pods-MyWeatherApp.release.xcconfig"; path = "Target Support Files/Pods-MyWeatherApp/Pods-MyWeatherApp.release.xcconfig"; sourceTree = "<group>"; };
		F8F5EA7E116802AFE733178D /* Pods-MyWeatherApp-MyWeatherAppUITests.release.xcconfig */ = {isa = PBXFileReference; includeInIndex = 1; lastKnownFileType = text.xcconfig; name = "Pods-MyWeatherApp-MyWeatherAppUITests.release.xcconfig"; path = "Target Support Files/Pods-MyWeatherApp-MyWeatherAppUITests/Pods-MyWeatherApp-MyWeatherAppUITests.release.xcconfig"; sourceTree = "<group>"; };
/* End PBXFileReference section */

/* Begin PBXFrameworksBuildPhase section */
		44A69FBE267A3EE900993399 /* Frameworks */ = {
			isa = PBXFrameworksBuildPhase;
			buildActionMask = 2147483647;
			files = (
				DCB870C3AA4607ACFC7D80F0 /* Pods_MyWeatherApp.framework in Frameworks */,
			);
			runOnlyForDeploymentPostprocessing = 0;
		};
		44A69FD4267A3EEB00993399 /* Frameworks */ = {
			isa = PBXFrameworksBuildPhase;
			buildActionMask = 2147483647;
			files = (
				DF543B9644994B4BA629F6F1 /* Pods_MyWeatherAppTests.framework in Frameworks */,
			);
			runOnlyForDeploymentPostprocessing = 0;
		};
		44A69FDF267A3EEB00993399 /* Frameworks */ = {
			isa = PBXFrameworksBuildPhase;
			buildActionMask = 2147483647;
			files = (
				C54E4C22BD53C67270D76F71 /* Pods_MyWeatherApp_MyWeatherAppUITests.framework in Frameworks */,
			);
			runOnlyForDeploymentPostprocessing = 0;
		};
/* End PBXFrameworksBuildPhase section */

/* Begin PBXGroup section */
		3F82D85C6A50F0B97423151B /* Frameworks */ = {
			isa = PBXGroup;
			children = (
				50D33FC6E14D844302A8F06B /* Pods_MyWeatherApp.framework */,
				5C30B9F045BF5937FB931E53 /* Pods_MyWeatherApp_MyWeatherAppUITests.framework */,
				4E9369FECF3A59532B211F1C /* Pods_MyWeatherAppTests.framework */,
			);
			name = Frameworks;
			sourceTree = "<group>";
		};
		44A69FB8267A3EE900993399 = {
			isa = PBXGroup;
			children = (
				44A69FC3267A3EE900993399 /* MyWeatherApp */,
				44A69FDA267A3EEB00993399 /* MyWeatherAppTests */,
				44A69FE5267A3EEB00993399 /* MyWeatherAppUITests */,
				44A69FC2267A3EE900993399 /* Products */,
				6A4405DCA57CAF8415660B65 /* Pods */,
				3F82D85C6A50F0B97423151B /* Frameworks */,
			);
			sourceTree = "<group>";
		};
		44A69FC2267A3EE900993399 /* Products */ = {
			isa = PBXGroup;
			children = (
				44A69FC1267A3EE900993399 /* MyWeatherApp.app */,
				44A69FD7267A3EEB00993399 /* MyWeatherAppTests.xctest */,
				44A69FE2267A3EEB00993399 /* MyWeatherAppUITests.xctest */,
			);
			name = Products;
			sourceTree = "<group>";
		};
		44A69FC3267A3EE900993399 /* MyWeatherApp */ = {
			isa = PBXGroup;
			children = (
				44C24FA8268BB50A00626EB5 /* Model */,
				44A69FC4267A3EE900993399 /* AppDelegate.swift */,
				44A69FC6267A3EE900993399 /* SceneDelegate.swift */,
				44A69FC8267A3EE900993399 /* WeatherViewController.swift */,
				44A69FCA267A3EE900993399 /* Main.storyboard */,
				44A69FCD267A3EEA00993399 /* Assets.xcassets */,
				44A69FCF267A3EEA00993399 /* LaunchScreen.storyboard */,
				44A69FD2267A3EEA00993399 /* Info.plist */,
			);
			path = MyWeatherApp;
			sourceTree = "<group>";
		};
		44A69FDA267A3EEB00993399 /* MyWeatherAppTests */ = {
			isa = PBXGroup;
			children = (
				44A69FDB267A3EEB00993399 /* MyWeatherAppTests.swift */,
				44A69FDD267A3EEB00993399 /* Info.plist */,
			);
			path = MyWeatherAppTests;
			sourceTree = "<group>";
		};
		44A69FE5267A3EEB00993399 /* MyWeatherAppUITests */ = {
			isa = PBXGroup;
			children = (
				44A69FE6267A3EEB00993399 /* MyWeatherAppUITests.swift */,
				44A69FE8267A3EEB00993399 /* Info.plist */,
			);
			path = MyWeatherAppUITests;
			sourceTree = "<group>";
		};
		44C24FA8268BB50A00626EB5 /* Model */ = {
			isa = PBXGroup;
			children = (
				44C24FA9268BB53A00626EB5 /* WeatherData.swift */,
				44AC0359268C9B4B0024A37A /* NetworkManager.swift */,
				44BB2D512693203A00B35582 /* WeatherModel.swift */,
			);
			path = Model;
			sourceTree = "<group>";
		};
		6A4405DCA57CAF8415660B65 /* Pods */ = {
			isa = PBXGroup;
			children = (
				037B279A9B0DD8741F264C26 /* Pods-MyWeatherApp.debug.xcconfig */,
				96BEC8BB3551C159C62E2B07 /* Pods-MyWeatherApp.release.xcconfig */,
				40D0AC9F5F53022F0BA3A228 /* Pods-MyWeatherApp-MyWeatherAppUITests.debug.xcconfig */,
				F8F5EA7E116802AFE733178D /* Pods-MyWeatherApp-MyWeatherAppUITests.release.xcconfig */,
				3012D60EA4A9AEC31481D1A9 /* Pods-MyWeatherAppTests.debug.xcconfig */,
				227DD03BF9064F0D2020A519 /* Pods-MyWeatherAppTests.release.xcconfig */,
			);
			path = Pods;
			sourceTree = "<group>";
		};
/* End PBXGroup section */

/* Begin PBXNativeTarget section */
		44A69FC0267A3EE900993399 /* MyWeatherApp */ = {
			isa = PBXNativeTarget;
			buildConfigurationList = 44A69FEB267A3EEB00993399 /* Build configuration list for PBXNativeTarget "MyWeatherApp" */;
			buildPhases = (
				1D19B1DA4F81CB0E154049C7 /* [CP] Check Pods Manifest.lock */,
				44A69FBD267A3EE900993399 /* Sources */,
				44A69FBE267A3EE900993399 /* Frameworks */,
				44A69FBF267A3EE900993399 /* Resources */,
				7CF44401731FBAB46325B122 /* [CP] Embed Pods Frameworks */,
			);
			buildRules = (
			);
			dependencies = (
			);
			name = MyWeatherApp;
			productName = MyWeatherApp;
			productReference = 44A69FC1267A3EE900993399 /* MyWeatherApp.app */;
			productType = "com.apple.product-type.application";
		};
		44A69FD6267A3EEB00993399 /* MyWeatherAppTests */ = {
			isa = PBXNativeTarget;
			buildConfigurationList = 44A69FEE267A3EEB00993399 /* Build configuration list for PBXNativeTarget "MyWeatherAppTests" */;
			buildPhases = (
				0D5DF8C5DA6AF687F61155C0 /* [CP] Check Pods Manifest.lock */,
				44A69FD3267A3EEB00993399 /* Sources */,
				44A69FD4267A3EEB00993399 /* Frameworks */,
				44A69FD5267A3EEB00993399 /* Resources */,
			);
			buildRules = (
			);
			dependencies = (
				44A69FD9267A3EEB00993399 /* PBXTargetDependency */,
			);
			name = MyWeatherAppTests;
			productName = MyWeatherAppTests;
			productReference = 44A69FD7267A3EEB00993399 /* MyWeatherAppTests.xctest */;
			productType = "com.apple.product-type.bundle.unit-test";
		};
		44A69FE1267A3EEB00993399 /* MyWeatherAppUITests */ = {
			isa = PBXNativeTarget;
			buildConfigurationList = 44A69FF1267A3EEB00993399 /* Build configuration list for PBXNativeTarget "MyWeatherAppUITests" */;
			buildPhases = (
				6BFEA9E2996CA66B15BD24A9 /* [CP] Check Pods Manifest.lock */,
				44A69FDE267A3EEB00993399 /* Sources */,
				44A69FDF267A3EEB00993399 /* Frameworks */,
				44A69FE0267A3EEB00993399 /* Resources */,
				1E517B1704373AC7C692BFA3 /* [CP] Embed Pods Frameworks */,
			);
			buildRules = (
			);
			dependencies = (
				44A69FE4267A3EEB00993399 /* PBXTargetDependency */,
			);
			name = MyWeatherAppUITests;
			productName = MyWeatherAppUITests;
			productReference = 44A69FE2267A3EEB00993399 /* MyWeatherAppUITests.xctest */;
			productType = "com.apple.product-type.bundle.ui-testing";
		};
/* End PBXNativeTarget section */

/* Begin PBXProject section */
		44A69FB9267A3EE900993399 /* Project object */ = {
			isa = PBXProject;
			attributes = {
				LastSwiftUpdateCheck = 1250;
				LastUpgradeCheck = 1250;
				TargetAttributes = {
					44A69FC0267A3EE900993399 = {
						CreatedOnToolsVersion = 12.5;
					};
					44A69FD6267A3EEB00993399 = {
						CreatedOnToolsVersion = 12.5;
						TestTargetID = 44A69FC0267A3EE900993399;
					};
					44A69FE1267A3EEB00993399 = {
						CreatedOnToolsVersion = 12.5;
						TestTargetID = 44A69FC0267A3EE900993399;
					};
				};
			};
			buildConfigurationList = 44A69FBC267A3EE900993399 /* Build configuration list for PBXProject "MyWeatherApp" */;
			compatibilityVersion = "Xcode 9.3";
			developmentRegion = en;
			hasScannedForEncodings = 0;
			knownRegions = (
				en,
				Base,
			);
			mainGroup = 44A69FB8267A3EE900993399;
			productRefGroup = 44A69FC2267A3EE900993399 /* Products */;
			projectDirPath = "";
			projectRoot = "";
			targets = (
				44A69FC0267A3EE900993399 /* MyWeatherApp */,
				44A69FD6267A3EEB00993399 /* MyWeatherAppTests */,
				44A69FE1267A3EEB00993399 /* MyWeatherAppUITests */,
			);
		};
/* End PBXProject section */

/* Begin PBXResourcesBuildPhase section */
		44A69FBF267A3EE900993399 /* Resources */ = {
			isa = PBXResourcesBuildPhase;
			buildActionMask = 2147483647;
			files = (
				44A69FD1267A3EEA00993399 /* LaunchScreen.storyboard in Resources */,
				44A69FCE267A3EEA00993399 /* Assets.xcassets in Resources */,
				44A69FCC267A3EE900993399 /* Main.storyboard in Resources */,
			);
			runOnlyForDeploymentPostprocessing = 0;
		};
		44A69FD5267A3EEB00993399 /* Resources */ = {
			isa = PBXResourcesBuildPhase;
			buildActionMask = 2147483647;
			files = (
			);
			runOnlyForDeploymentPostprocessing = 0;
		};
		44A69FE0267A3EEB00993399 /* Resources */ = {
			isa = PBXResourcesBuildPhase;
			buildActionMask = 2147483647;
			files = (
			);
			runOnlyForDeploymentPostprocessing = 0;
		};
/* End PBXResourcesBuildPhase section */

/* Begin PBXShellScriptBuildPhase section */
		0D5DF8C5DA6AF687F61155C0 /* [CP] Check Pods Manifest.lock */ = {
			isa = PBXShellScriptBuildPhase;
			buildActionMask = 2147483647;
			files = (
			);
			inputFileListPaths = (
			);
			inputPaths = (
				"${PODS_PODFILE_DIR_PATH}/Podfile.lock",
				"${PODS_ROOT}/Manifest.lock",
			);
			name = "[CP] Check Pods Manifest.lock";
			outputFileListPaths = (
			);
			outputPaths = (
				"$(DERIVED_FILE_DIR)/Pods-MyWeatherAppTests-checkManifestLockResult.txt",
			);
			runOnlyForDeploymentPostprocessing = 0;
			shellPath = /bin/sh;
			shellScript = "diff \"${PODS_PODFILE_DIR_PATH}/Podfile.lock\" \"${PODS_ROOT}/Manifest.lock\" > /dev/null\nif [ $? != 0 ] ; then\n    # print error to STDERR\n    echo \"error: The sandbox is not in sync with the Podfile.lock. Run 'pod install' or update your CocoaPods installation.\" >&2\n    exit 1\nfi\n# This output is used by Xcode 'outputs' to avoid re-running this script phase.\necho \"SUCCESS\" > \"${SCRIPT_OUTPUT_FILE_0}\"\n";
			showEnvVarsInLog = 0;
		};
		1D19B1DA4F81CB0E154049C7 /* [CP] Check Pods Manifest.lock */ = {
			isa = PBXShellScriptBuildPhase;
			buildActionMask = 2147483647;
			files = (
			);
			inputFileListPaths = (
			);
			inputPaths = (
				"${PODS_PODFILE_DIR_PATH}/Podfile.lock",
				"${PODS_ROOT}/Manifest.lock",
			);
			name = "[CP] Check Pods Manifest.lock";
			outputFileListPaths = (
			);
			outputPaths = (
				"$(DERIVED_FILE_DIR)/Pods-MyWeatherApp-checkManifestLockResult.txt",
			);
			runOnlyForDeploymentPostprocessing = 0;
			shellPath = /bin/sh;
			shellScript = "diff \"${PODS_PODFILE_DIR_PATH}/Podfile.lock\" \"${PODS_ROOT}/Manifest.lock\" > /dev/null\nif [ $? != 0 ] ; then\n    # print error to STDERR\n    echo \"error: The sandbox is not in sync with the Podfile.lock. Run 'pod install' or update your CocoaPods installation.\" >&2\n    exit 1\nfi\n# This output is used by Xcode 'outputs' to avoid re-running this script phase.\necho \"SUCCESS\" > \"${SCRIPT_OUTPUT_FILE_0}\"\n";
			showEnvVarsInLog = 0;
		};
		1E517B1704373AC7C692BFA3 /* [CP] Embed Pods Frameworks */ = {
			isa = PBXShellScriptBuildPhase;
			buildActionMask = 2147483647;
			files = (
			);
			inputFileListPaths = (
				"${PODS_ROOT}/Target Support Files/Pods-MyWeatherApp-MyWeatherAppUITests/Pods-MyWeatherApp-MyWeatherAppUITests-frameworks-${CONFIGURATION}-input-files.xcfilelist",
			);
			name = "[CP] Embed Pods Frameworks";
			outputFileListPaths = (
				"${PODS_ROOT}/Target Support Files/Pods-MyWeatherApp-MyWeatherAppUITests/Pods-MyWeatherApp-MyWeatherAppUITests-frameworks-${CONFIGURATION}-output-files.xcfilelist",
			);
			runOnlyForDeploymentPostprocessing = 0;
			shellPath = /bin/sh;
			shellScript = "\"${PODS_ROOT}/Target Support Files/Pods-MyWeatherApp-MyWeatherAppUITests/Pods-MyWeatherApp-MyWeatherAppUITests-frameworks.sh\"\n";
			showEnvVarsInLog = 0;
		};
		6BFEA9E2996CA66B15BD24A9 /* [CP] Check Pods Manifest.lock */ = {
			isa = PBXShellScriptBuildPhase;
			buildActionMask = 2147483647;
			files = (
			);
			inputFileListPaths = (
			);
			inputPaths = (
				"${PODS_PODFILE_DIR_PATH}/Podfile.lock",
				"${PODS_ROOT}/Manifest.lock",
			);
			name = "[CP] Check Pods Manifest.lock";
			outputFileListPaths = (
			);
			outputPaths = (
				"$(DERIVED_FILE_DIR)/Pods-MyWeatherApp-MyWeatherAppUITests-checkManifestLockResult.txt",
			);
			runOnlyForDeploymentPostprocessing = 0;
			shellPath = /bin/sh;
			shellScript = "diff \"${PODS_PODFILE_DIR_PATH}/Podfile.lock\" \"${PODS_ROOT}/Manifest.lock\" > /dev/null\nif [ $? != 0 ] ; then\n    # print error to STDERR\n    echo \"error: The sandbox is not in sync with the Podfile.lock. Run 'pod install' or update your CocoaPods installation.\" >&2\n    exit 1\nfi\n# This output is used by Xcode 'outputs' to avoid re-running this script phase.\necho \"SUCCESS\" > \"${SCRIPT_OUTPUT_FILE_0}\"\n";
			showEnvVarsInLog = 0;
		};
		7CF44401731FBAB46325B122 /* [CP] Embed Pods Frameworks */ = {
			isa = PBXShellScriptBuildPhase;
			buildActionMask = 2147483647;
			files = (
			);
			inputFileListPaths = (
				"${PODS_ROOT}/Target Support Files/Pods-MyWeatherApp/Pods-MyWeatherApp-frameworks-${CONFIGURATION}-input-files.xcfilelist",
			);
			name = "[CP] Embed Pods Frameworks";
			outputFileListPaths = (
				"${PODS_ROOT}/Target Support Files/Pods-MyWeatherApp/Pods-MyWeatherApp-frameworks-${CONFIGURATION}-output-files.xcfilelist",
			);
			runOnlyForDeploymentPostprocessing = 0;
			shellPath = /bin/sh;
			shellScript = "\"${PODS_ROOT}/Target Support Files/Pods-MyWeatherApp/Pods-MyWeatherApp-frameworks.sh\"\n";
			showEnvVarsInLog = 0;
		};
/* End PBXShellScriptBuildPhase section */

/* Begin PBXSourcesBuildPhase section */
		44A69FBD267A3EE900993399 /* Sources */ = {
			isa = PBXSourcesBuildPhase;
			buildActionMask = 2147483647;
			files = (
				44A69FC9267A3EE900993399 /* WeatherViewController.swift in Sources */,
				44A69FC5267A3EE900993399 /* AppDelegate.swift in Sources */,
				44AC035A268C9B4B0024A37A /* NetworkManager.swift in Sources */,
				44C24FAA268BB53A00626EB5 /* WeatherData.swift in Sources */,
				44BB2D522693203A00B35582 /* WeatherModel.swift in Sources */,
				44A69FC7267A3EE900993399 /* SceneDelegate.swift in Sources */,
			);
			runOnlyForDeploymentPostprocessing = 0;
		};
		44A69FD3267A3EEB00993399 /* Sources */ = {
			isa = PBXSourcesBuildPhase;
			buildActionMask = 2147483647;
			files = (
				44A69FDC267A3EEB00993399 /* MyWeatherAppTests.swift in Sources */,
			);
			runOnlyForDeploymentPostprocessing = 0;
		};
		44A69FDE267A3EEB00993399 /* Sources */ = {
			isa = PBXSourcesBuildPhase;
			buildActionMask = 2147483647;
			files = (
				44A69FE7267A3EEB00993399 /* MyWeatherAppUITests.swift in Sources */,
			);
			runOnlyForDeploymentPostprocessing = 0;
		};
/* End PBXSourcesBuildPhase section */

/* Begin PBXTargetDependency section */
		44A69FD9267A3EEB00993399 /* PBXTargetDependency */ = {
			isa = PBXTargetDependency;
			target = 44A69FC0267A3EE900993399 /* MyWeatherApp */;
			targetProxy = 44A69FD8267A3EEB00993399 /* PBXContainerItemProxy */;
		};
		44A69FE4267A3EEB00993399 /* PBXTargetDependency */ = {
			isa = PBXTargetDependency;
			target = 44A69FC0267A3EE900993399 /* MyWeatherApp */;
			targetProxy = 44A69FE3267A3EEB00993399 /* PBXContainerItemProxy */;
		};
/* End PBXTargetDependency section */

/* Begin PBXVariantGroup section */
		44A69FCA267A3EE900993399 /* Main.storyboard */ = {
			isa = PBXVariantGroup;
			children = (
				44A69FCB267A3EE900993399 /* Base */,
			);
			name = Main.storyboard;
			sourceTree = "<group>";
		};
		44A69FCF267A3EEA00993399 /* LaunchScreen.storyboard */ = {
			isa = PBXVariantGroup;
			children = (
				44A69FD0267A3EEA00993399 /* Base */,
			);
			name = LaunchScreen.storyboard;
			sourceTree = "<group>";
		};
/* End PBXVariantGroup section */

/* Begin XCBuildConfiguration section */
		44A69FE9267A3EEB00993399 /* Debug */ = {
			isa = XCBuildConfiguration;
			buildSettings = {
				ALWAYS_SEARCH_USER_PATHS = NO;
				CLANG_ANALYZER_NONNULL = YES;
				CLANG_ANALYZER_NUMBER_OBJECT_CONVERSION = YES_AGGRESSIVE;
				CLANG_CXX_LANGUAGE_STANDARD = "gnu++14";
				CLANG_CXX_LIBRARY = "libc++";
				CLANG_ENABLE_MODULES = YES;
				CLANG_ENABLE_OBJC_ARC = YES;
				CLANG_ENABLE_OBJC_WEAK = YES;
				CLANG_WARN_BLOCK_CAPTURE_AUTORELEASING = YES;
				CLANG_WARN_BOOL_CONVERSION = YES;
				CLANG_WARN_COMMA = YES;
				CLANG_WARN_CONSTANT_CONVERSION = YES;
				CLANG_WARN_DEPRECATED_OBJC_IMPLEMENTATIONS = YES;
				CLANG_WARN_DIRECT_OBJC_ISA_USAGE = YES_ERROR;
				CLANG_WARN_DOCUMENTATION_COMMENTS = YES;
				CLANG_WARN_EMPTY_BODY = YES;
				CLANG_WARN_ENUM_CONVERSION = YES;
				CLANG_WARN_INFINITE_RECURSION = YES;
				CLANG_WARN_INT_CONVERSION = YES;
				CLANG_WARN_NON_LITERAL_NULL_CONVERSION = YES;
				CLANG_WARN_OBJC_IMPLICIT_RETAIN_SELF = YES;
				CLANG_WARN_OBJC_LITERAL_CONVERSION = YES;
				CLANG_WARN_OBJC_ROOT_CLASS = YES_ERROR;
				CLANG_WARN_QUOTED_INCLUDE_IN_FRAMEWORK_HEADER = YES;
				CLANG_WARN_RANGE_LOOP_ANALYSIS = YES;
				CLANG_WARN_STRICT_PROTOTYPES = YES;
				CLANG_WARN_SUSPICIOUS_MOVE = YES;
				CLANG_WARN_UNGUARDED_AVAILABILITY = YES_AGGRESSIVE;
				CLANG_WARN_UNREACHABLE_CODE = YES;
				CLANG_WARN__DUPLICATE_METHOD_MATCH = YES;
				COPY_PHASE_STRIP = NO;
				DEBUG_INFORMATION_FORMAT = dwarf;
				ENABLE_STRICT_OBJC_MSGSEND = YES;
				ENABLE_TESTABILITY = YES;
				GCC_C_LANGUAGE_STANDARD = gnu11;
				GCC_DYNAMIC_NO_PIC = NO;
				GCC_NO_COMMON_BLOCKS = YES;
				GCC_OPTIMIZATION_LEVEL = 0;
				GCC_PREPROCESSOR_DEFINITIONS = (
					"DEBUG=1",
					"$(inherited)",
				);
				GCC_WARN_64_TO_32_BIT_CONVERSION = YES;
				GCC_WARN_ABOUT_RETURN_TYPE = YES_ERROR;
				GCC_WARN_UNDECLARED_SELECTOR = YES;
				GCC_WARN_UNINITIALIZED_AUTOS = YES_AGGRESSIVE;
				GCC_WARN_UNUSED_FUNCTION = YES;
				GCC_WARN_UNUSED_VARIABLE = YES;
				IPHONEOS_DEPLOYMENT_TARGET = 14.5;
				MTL_ENABLE_DEBUG_INFO = INCLUDE_SOURCE;
				MTL_FAST_MATH = YES;
				ONLY_ACTIVE_ARCH = YES;
				SDKROOT = iphoneos;
				SWIFT_ACTIVE_COMPILATION_CONDITIONS = DEBUG;
				SWIFT_OPTIMIZATION_LEVEL = "-Onone";
			};
			name = Debug;
		};
		44A69FEA267A3EEB00993399 /* Release */ = {
			isa = XCBuildConfiguration;
			buildSettings = {
				ALWAYS_SEARCH_USER_PATHS = NO;
				CLANG_ANALYZER_NONNULL = YES;
				CLANG_ANALYZER_NUMBER_OBJECT_CONVERSION = YES_AGGRESSIVE;
				CLANG_CXX_LANGUAGE_STANDARD = "gnu++14";
				CLANG_CXX_LIBRARY = "libc++";
				CLANG_ENABLE_MODULES = YES;
				CLANG_ENABLE_OBJC_ARC = YES;
				CLANG_ENABLE_OBJC_WEAK = YES;
				CLANG_WARN_BLOCK_CAPTURE_AUTORELEASING = YES;
				CLANG_WARN_BOOL_CONVERSION = YES;
				CLANG_WARN_COMMA = YES;
				CLANG_WARN_CONSTANT_CONVERSION = YES;
				CLANG_WARN_DEPRECATED_OBJC_IMPLEMENTATIONS = YES;
				CLANG_WARN_DIRECT_OBJC_ISA_USAGE = YES_ERROR;
				CLANG_WARN_DOCUMENTATION_COMMENTS = YES;
				CLANG_WARN_EMPTY_BODY = YES;
				CLANG_WARN_ENUM_CONVERSION = YES;
				CLANG_WARN_INFINITE_RECURSION = YES;
				CLANG_WARN_INT_CONVERSION = YES;
				CLANG_WARN_NON_LITERAL_NULL_CONVERSION = YES;
				CLANG_WARN_OBJC_IMPLICIT_RETAIN_SELF = YES;
				CLANG_WARN_OBJC_LITERAL_CONVERSION = YES;
				CLANG_WARN_OBJC_ROOT_CLASS = YES_ERROR;
				CLANG_WARN_QUOTED_INCLUDE_IN_FRAMEWORK_HEADER = YES;
				CLANG_WARN_RANGE_LOOP_ANALYSIS = YES;
				CLANG_WARN_STRICT_PROTOTYPES = YES;
				CLANG_WARN_SUSPICIOUS_MOVE = YES;
				CLANG_WARN_UNGUARDED_AVAILABILITY = YES_AGGRESSIVE;
				CLANG_WARN_UNREACHABLE_CODE = YES;
				CLANG_WARN__DUPLICATE_METHOD_MATCH = YES;
				COPY_PHASE_STRIP = NO;
				DEBUG_INFORMATION_FORMAT = "dwarf-with-dsym";
				ENABLE_NS_ASSERTIONS = NO;
				ENABLE_STRICT_OBJC_MSGSEND = YES;
				GCC_C_LANGUAGE_STANDARD = gnu11;
				GCC_NO_COMMON_BLOCKS = YES;
				GCC_WARN_64_TO_32_BIT_CONVERSION = YES;
				GCC_WARN_ABOUT_RETURN_TYPE = YES_ERROR;
				GCC_WARN_UNDECLARED_SELECTOR = YES;
				GCC_WARN_UNINITIALIZED_AUTOS = YES_AGGRESSIVE;
				GCC_WARN_UNUSED_FUNCTION = YES;
				GCC_WARN_UNUSED_VARIABLE = YES;
				IPHONEOS_DEPLOYMENT_TARGET = 14.5;
				MTL_ENABLE_DEBUG_INFO = NO;
				MTL_FAST_MATH = YES;
				SDKROOT = iphoneos;
				SWIFT_COMPILATION_MODE = wholemodule;
				SWIFT_OPTIMIZATION_LEVEL = "-O";
				VALIDATE_PRODUCT = YES;
			};
			name = Release;
		};
		44A69FEC267A3EEB00993399 /* Debug */ = {
			isa = XCBuildConfiguration;
			baseConfigurationReference = 037B279A9B0DD8741F264C26 /* Pods-MyWeatherApp.debug.xcconfig */;
			buildSettings = {
				ASSETCATALOG_COMPILER_APPICON_NAME = AppIcon;
				ASSETCATALOG_COMPILER_GLOBAL_ACCENT_COLOR_NAME = AccentColor;
				CODE_SIGN_STYLE = Automatic;
				DEVELOPMENT_TEAM = X99V3R46T5;
				INFOPLIST_FILE = MyWeatherApp/Info.plist;
				LD_RUNPATH_SEARCH_PATHS = (
					"$(inherited)",
					"@executable_path/Frameworks",
				);
				PRODUCT_BUNDLE_IDENTIFIER = com.doha.MyWeatherApp;
				PRODUCT_NAME = "$(TARGET_NAME)";
				SWIFT_VERSION = 5.0;
				TARGETED_DEVICE_FAMILY = "1,2";
			};
			name = Debug;
		};
		44A69FED267A3EEB00993399 /* Release */ = {
			isa = XCBuildConfiguration;
			baseConfigurationReference = 96BEC8BB3551C159C62E2B07 /* Pods-MyWeatherApp.release.xcconfig */;
			buildSettings = {
				ASSETCATALOG_COMPILER_APPICON_NAME = AppIcon;
				ASSETCATALOG_COMPILER_GLOBAL_ACCENT_COLOR_NAME = AccentColor;
				CODE_SIGN_STYLE = Automatic;
				DEVELOPMENT_TEAM = X99V3R46T5;
				INFOPLIST_FILE = MyWeatherApp/Info.plist;
				LD_RUNPATH_SEARCH_PATHS = (
					"$(inherited)",
					"@executable_path/Frameworks",
				);
				PRODUCT_BUNDLE_IDENTIFIER = com.doha.MyWeatherApp;
				PRODUCT_NAME = "$(TARGET_NAME)";
				SWIFT_VERSION = 5.0;
				TARGETED_DEVICE_FAMILY = "1,2";
			};
			name = Release;
		};
		44A69FEF267A3EEB00993399 /* Debug */ = {
			isa = XCBuildConfiguration;
			baseConfigurationReference = 3012D60EA4A9AEC31481D1A9 /* Pods-MyWeatherAppTests.debug.xcconfig */;
			buildSettings = {
				ALWAYS_EMBED_SWIFT_STANDARD_LIBRARIES = YES;
				BUNDLE_LOADER = "$(TEST_HOST)";
				CODE_SIGN_STYLE = Automatic;
				DEVELOPMENT_TEAM = X99V3R46T5;
				INFOPLIST_FILE = MyWeatherAppTests/Info.plist;
				IPHONEOS_DEPLOYMENT_TARGET = 14.5;
				LD_RUNPATH_SEARCH_PATHS = (
					"$(inherited)",
					"@executable_path/Frameworks",
					"@loader_path/Frameworks",
				);
				PRODUCT_BUNDLE_IDENTIFIER = com.doha.MyWeatherAppTests;
				PRODUCT_NAME = "$(TARGET_NAME)";
				SWIFT_VERSION = 5.0;
				TARGETED_DEVICE_FAMILY = "1,2";
				TEST_HOST = "$(BUILT_PRODUCTS_DIR)/MyWeatherApp.app/MyWeatherApp";
			};
			name = Debug;
		};
		44A69FF0267A3EEB00993399 /* Release */ = {
			isa = XCBuildConfiguration;
			baseConfigurationReference = 227DD03BF9064F0D2020A519 /* Pods-MyWeatherAppTests.release.xcconfig */;
			buildSettings = {
				ALWAYS_EMBED_SWIFT_STANDARD_LIBRARIES = YES;
				BUNDLE_LOADER = "$(TEST_HOST)";
				CODE_SIGN_STYLE = Automatic;
				DEVELOPMENT_TEAM = X99V3R46T5;
				INFOPLIST_FILE = MyWeatherAppTests/Info.plist;
				IPHONEOS_DEPLOYMENT_TARGET = 14.5;
				LD_RUNPATH_SEARCH_PATHS = (
					"$(inherited)",
					"@executable_path/Frameworks",
					"@loader_path/Frameworks",
				);
				PRODUCT_BUNDLE_IDENTIFIER = com.doha.MyWeatherAppTests;
				PRODUCT_NAME = "$(TARGET_NAME)";
				SWIFT_VERSION = 5.0;
				TARGETED_DEVICE_FAMILY = "1,2";
				TEST_HOST = "$(BUILT_PRODUCTS_DIR)/MyWeatherApp.app/MyWeatherApp";
			};
			name = Release;
		};
		44A69FF2267A3EEB00993399 /* Debug */ = {
			isa = XCBuildConfiguration;
			baseConfigurationReference = 40D0AC9F5F53022F0BA3A228 /* Pods-MyWeatherApp-MyWeatherAppUITests.debug.xcconfig */;
			buildSettings = {
				ALWAYS_EMBED_SWIFT_STANDARD_LIBRARIES = YES;
				CODE_SIGN_STYLE = Automatic;
				DEVELOPMENT_TEAM = X99V3R46T5;
				INFOPLIST_FILE = MyWeatherAppUITests/Info.plist;
				LD_RUNPATH_SEARCH_PATHS = (
					"$(inherited)",
					"@executable_path/Frameworks",
					"@loader_path/Frameworks",
				);
				PRODUCT_BUNDLE_IDENTIFIER = com.doha.MyWeatherAppUITests;
				PRODUCT_NAME = "$(TARGET_NAME)";
				SWIFT_VERSION = 5.0;
				TARGETED_DEVICE_FAMILY = "1,2";
				TEST_TARGET_NAME = MyWeatherApp;
			};
			name = Debug;
		};
		44A69FF3267A3EEB00993399 /* Release */ = {
			isa = XCBuildConfiguration;
			baseConfigurationReference = F8F5EA7E116802AFE733178D /* Pods-MyWeatherApp-MyWeatherAppUITests.release.xcconfig */;
			buildSettings = {
				ALWAYS_EMBED_SWIFT_STANDARD_LIBRARIES = YES;
				CODE_SIGN_STYLE = Automatic;
				DEVELOPMENT_TEAM = X99V3R46T5;
				INFOPLIST_FILE = MyWeatherAppUITests/Info.plist;
				LD_RUNPATH_SEARCH_PATHS = (
					"$(inherited)",
					"@executable_path/Frameworks",
					"@loader_path/Frameworks",
				);
				PRODUCT_BUNDLE_IDENTIFIER = com.doha.MyWeatherAppUITests;
				PRODUCT_NAME = "$(TARGET_NAME)";
				SWIFT_VERSION = 5.0;
				TARGETED_DEVICE_FAMILY = "1,2";
				TEST_TARGET_NAME = MyWeatherApp;
			};
			name = Release;
		};
/* End XCBuildConfiguration section */

/* Begin XCConfigurationList section */
		44A69FBC267A3EE900993399 /* Build configuration list for PBXProject "MyWeatherApp" */ = {
			isa = XCConfigurationList;
			buildConfigurations = (
				44A69FE9267A3EEB00993399 /* Debug */,
				44A69FEA267A3EEB00993399 /* Release */,
			);
			defaultConfigurationIsVisible = 0;
			defaultConfigurationName = Release;
		};
		44A69FEB267A3EEB00993399 /* Build configuration list for PBXNativeTarget "MyWeatherApp" */ = {
			isa = XCConfigurationList;
			buildConfigurations = (
				44A69FEC267A3EEB00993399 /* Debug */,
				44A69FED267A3EEB00993399 /* Release */,
			);
			defaultConfigurationIsVisible = 0;
			defaultConfigurationName = Release;
		};
		44A69FEE267A3EEB00993399 /* Build configuration list for PBXNativeTarget "MyWeatherAppTests" */ = {
			isa = XCConfigurationList;
			buildConfigurations = (
				44A69FEF267A3EEB00993399 /* Debug */,
				44A69FF0267A3EEB00993399 /* Release */,
			);
			defaultConfigurationIsVisible = 0;
			defaultConfigurationName = Release;
		};
		44A69FF1267A3EEB00993399 /* Build configuration list for PBXNativeTarget "MyWeatherAppUITests" */ = {
			isa = XCConfigurationList;
			buildConfigurations = (
				44A69FF2267A3EEB00993399 /* Debug */,
				44A69FF3267A3EEB00993399 /* Release */,
			);
			defaultConfigurationIsVisible = 0;
			defaultConfigurationName = Release;
		};
/* End XCConfigurationList section */
	};
	rootObject = 44A69FB9267A3EE900993399 /* Project object */;
}
